
Microsoft Visual Studio Solution File, Format Version 12.00
# Visual Studio Version 17
VisualStudioVersion = 17.0.31903.59
MinimumVisualStudioVersion = 10.0.40219.1
Project("{FAE04EC0-301F-11D3-BF4B-00C04F79EFBC}") = "SacksAIPlatform.InfrastructuresLayer", "SacksAIPlatform.InfrastructuresLayer\SacksAIPlatform.InfrastructuresLayer.csproj", "{AA2B4C4D-E047-446F-BBEF-3EB19324C57D}"
EndProject
Project("{FAE04EC0-301F-11D3-BF4B-00C04F79EFBC}") = "SacksAIPlatform.DataLayer", "SacksAIPlatform.DataLayer\SacksAIPlatform.DataLayer.csproj", "{2828CCCF-8695-4C64-87CA-28C6A1F810F0}"
EndProject
Project("{FAE04EC0-301F-11D3-BF4B-00C04F79EFBC}") = "SacksAIPlatform.LogicLayer", "SacksAIPlatform.LogicLayer\SacksAIPlatform.LogicLayer.csproj", "{18020CD0-28B0-4B2F-9016-89F628986EC7}"
EndProject
Project("{FAE04EC0-301F-11D3-BF4B-00C04F79EFBC}") = "SacksAIPlatform.GuiLayer", "SacksAIPlatform.GuiLayer\SacksAIPlatform.GuiLayer.csproj", "{1FF7A449-ACC8-4D3B-B536-E15ABEB0399E}"
EndProject
Project("{FAE04EC0-301F-11D3-BF4B-00C04F79EFBC}") = "SacksAIPlatform.Tests", "SacksAIPlatform.Tests\SacksAIPlatform.Tests.csproj", "{A57DEE81-E1B2-4DCA-AD92-9FA23BBA0498}"
EndProject
Global
	GlobalSection(SolutionConfigurationPlatforms) = preSolution
		Debug|Any CPU = Debug|Any CPU
		Debug|x64 = Debug|x64
		Debug|x86 = Debug|x86
		Release|Any CPU = Release|Any CPU
		Release|x64 = Release|x64
		Release|x86 = Release|x86
	EndGlobalSection
	GlobalSection(ProjectConfigurationPlatforms) = postSolution
		{AA2B4C4D-E047-446F-BBEF-3EB19324C57D}.Debug|Any CPU.ActiveCfg = Debug|Any CPU
		{AA2B4C4D-E047-446F-BBEF-3EB19324C57D}.Debug|Any CPU.Build.0 = Debug|Any CPU
		{AA2B4C4D-E047-446F-BBEF-3EB19324C57D}.Debug|x64.ActiveCfg = Debug|Any CPU
		{AA2B4C4D-E047-446F-BBEF-3EB19324C57D}.Debug|x64.Build.0 = Debug|Any CPU
		{AA2B4C4D-E047-446F-BBEF-3EB19324C57D}.Debug|x86.ActiveCfg = Debug|Any CPU
		{AA2B4C4D-E047-446F-BBEF-3EB19324C57D}.Debug|x86.Build.0 = Debug|Any CPU
		{AA2B4C4D-E047-446F-BBEF-3EB19324C57D}.Release|Any CPU.ActiveCfg = Release|Any CPU
		{AA2B4C4D-E047-446F-BBEF-3EB19324C57D}.Release|Any CPU.Build.0 = Release|Any CPU
		{AA2B4C4D-E047-446F-BBEF-3EB19324C57D}.Release|x64.ActiveCfg = Release|Any CPU
		{AA2B4C4D-E047-446F-BBEF-3EB19324C57D}.Release|x64.Build.0 = Release|Any CPU
		{AA2B4C4D-E047-446F-BBEF-3EB19324C57D}.Release|x86.ActiveCfg = Release|Any CPU
		{AA2B4C4D-E047-446F-BBEF-3EB19324C57D}.Release|x86.Build.0 = Release|Any CPU
		{2828CCCF-8695-4C64-87CA-28C6A1F810F0}.Debug|Any CPU.ActiveCfg = Debug|Any CPU
		{2828CCCF-8695-4C64-87CA-28C6A1F810F0}.Debug|Any CPU.Build.0 = Debug|Any CPU
		{2828CCCF-8695-4C64-87CA-28C6A1F810F0}.Debug|x64.ActiveCfg = Debug|Any CPU
		{2828CCCF-8695-4C64-87CA-28C6A1F810F0}.Debug|x64.Build.0 = Debug|Any CPU
		{2828CCCF-8695-4C64-87CA-28C6A1F810F0}.Debug|x86.ActiveCfg = Debug|Any CPU
		{2828CCCF-8695-4C64-87CA-28C6A1F810F0}.Debug|x86.Build.0 = Debug|Any CPU
		{2828CCCF-8695-4C64-87CA-28C6A1F810F0}.Release|Any CPU.ActiveCfg = Release|Any CPU
		{2828CCCF-8695-4C64-87CA-28C6A1F810F0}.Release|Any CPU.Build.0 = Release|Any CPU
		{2828CCCF-8695-4C64-87CA-28C6A1F810F0}.Release|x64.ActiveCfg = Release|Any CPU
		{2828CCCF-8695-4C64-87CA-28C6A1F810F0}.Release|x64.Build.0 = Release|Any CPU
		{2828CCCF-8695-4C64-87CA-28C6A1F810F0}.Release|x86.ActiveCfg = Release|Any CPU
		{2828CCCF-8695-4C64-87CA-28C6A1F810F0}.Release|x86.Build.0 = Release|Any CPU
		{18020CD0-28B0-4B2F-9016-89F628986EC7}.Debug|Any CPU.ActiveCfg = Debug|Any CPU
		{18020CD0-28B0-4B2F-9016-89F628986EC7}.Debug|Any CPU.Build.0 = Debug|Any CPU
		{18020CD0-28B0-4B2F-9016-89F628986EC7}.Debug|x64.ActiveCfg = Debug|Any CPU
		{18020CD0-28B0-4B2F-9016-89F628986EC7}.Debug|x64.Build.0 = Debug|Any CPU
		{18020CD0-28B0-4B2F-9016-89F628986EC7}.Debug|x86.ActiveCfg = Debug|Any CPU
		{18020CD0-28B0-4B2F-9016-89F628986EC7}.Debug|x86.Build.0 = Debug|Any CPU
		{18020CD0-28B0-4B2F-9016-89F628986EC7}.Release|Any CPU.ActiveCfg = Release|Any CPU
		{18020CD0-28B0-4B2F-9016-89F628986EC7}.Release|Any CPU.Build.0 = Release|Any CPU
		{18020CD0-28B0-4B2F-9016-89F628986EC7}.Release|x64.ActiveCfg = Release|Any CPU
		{18020CD0-28B0-4B2F-9016-89F628986EC7}.Release|x64.Build.0 = Release|Any CPU
		{18020CD0-28B0-4B2F-9016-89F628986EC7}.Release|x86.ActiveCfg = Release|Any CPU
		{18020CD0-28B0-4B2F-9016-89F628986EC7}.Release|x86.Build.0 = Release|Any CPU
		{1FF7A449-ACC8-4D3B-B536-E15ABEB0399E}.Debug|Any CPU.ActiveCfg = Debug|Any CPU
		{1FF7A449-ACC8-4D3B-B536-E15ABEB0399E}.Debug|Any CPU.Build.0 = Debug|Any CPU
		{1FF7A449-ACC8-4D3B-B536-E15ABEB0399E}.Debug|x64.ActiveCfg = Debug|Any CPU
		{1FF7A449-ACC8-4D3B-B536-E15ABEB0399E}.Debug|x64.Build.0 = Debug|Any CPU
		{1FF7A449-ACC8-4D3B-B536-E15ABEB0399E}.Debug|x86.ActiveCfg = Debug|Any CPU
		{1FF7A449-ACC8-4D3B-B536-E15ABEB0399E}.Debug|x86.Build.0 = Debug|Any CPU
		{1FF7A449-ACC8-4D3B-B536-E15ABEB0399E}.Release|Any CPU.ActiveCfg = Release|Any CPU
		{1FF7A449-ACC8-4D3B-B536-E15ABEB0399E}.Release|Any CPU.Build.0 = Release|Any CPU
		{1FF7A449-ACC8-4D3B-B536-E15ABEB0399E}.Release|x64.ActiveCfg = Release|Any CPU
		{1FF7A449-ACC8-4D3B-B536-E15ABEB0399E}.Release|x64.Build.0 = Release|Any CPU
		{1FF7A449-ACC8-4D3B-B536-E15ABEB0399E}.Release|x86.ActiveCfg = Release|Any CPU
		{1FF7A449-ACC8-4D3B-B536-E15ABEB0399E}.Release|x86.Build.0 = Release|Any CPU
		{A57DEE81-E1B2-4DCA-AD92-9FA23BBA0498}.Debug|Any CPU.ActiveCfg = Debug|Any CPU
		{A57DEE81-E1B2-4DCA-AD92-9FA23BBA0498}.Debug|Any CPU.Build.0 = Debug|Any CPU
		{A57DEE81-E1B2-4DCA-AD92-9FA23BBA0498}.Debug|x64.ActiveCfg = Debug|Any CPU
		{A57DEE81-E1B2-4DCA-AD92-9FA23BBA0498}.Debug|x64.Build.0 = Debug|Any CPU
		{A57DEE81-E1B2-4DCA-AD92-9FA23BBA0498}.Debug|x86.ActiveCfg = Debug|Any CPU
		{A57DEE81-E1B2-4DCA-AD92-9FA23BBA0498}.Debug|x86.Build.0 = Debug|Any CPU
		{A57DEE81-E1B2-4DCA-AD92-9FA23BBA0498}.Release|Any CPU.ActiveCfg = Release|Any CPU
		{A57DEE81-E1B2-4DCA-AD92-9FA23BBA0498}.Release|Any CPU.Build.0 = Release|Any CPU
		{A57DEE81-E1B2-4DCA-AD92-9FA23BBA0498}.Release|x64.ActiveCfg = Release|Any CPU
		{A57DEE81-E1B2-4DCA-AD92-9FA23BBA0498}.Release|x64.Build.0 = Release|Any CPU
		{A57DEE81-E1B2-4DCA-AD92-9FA23BBA0498}.Release|x86.ActiveCfg = Release|Any CPU
		{A57DEE81-E1B2-4DCA-AD92-9FA23BBA0498}.Release|x86.Build.0 = Release|Any CPU
	EndGlobalSection
	GlobalSection(SolutionProperties) = preSolution
		HideSolutionNode = FALSE
	EndGlobalSection
EndGlobal
